# THIS IS AN AUTOGENERATED FILE. DO NOT EDIT THIS FILE DIRECTLY.
# yarn lockfile v1


midi-file@^1.1.2:
  version "1.1.2"
  resolved "https://registry.yarnpkg.com/midi-file/-/midi-file-1.1.2.tgz#57fafe2dcb605ef29f06652ac45e7a475873dc77"
  integrity sha512-VQNzirfADDFXTymgPJv2VfLylCq14spRNFhpA6u7dLqPMbw1BqGf5u9B0k7z++8X1RMs57pyn+G4kzhyIatlyw==
